
Microsoft Visual Studio Solution File, Format Version 11.00
# Visual Studio 2010
Project("{FAE04EC0-301F-11D3-BF4B-00C04F79EFBC}") = "survival-shooter", "Assembly-CSharp.csproj", "{B80846A3-F3B2-C8E5-4734-9A1EA9E67FE6}"
EndProject
Project("{FAE04EC0-301F-11D3-BF4B-00C04F79EFBC}") = "survival-shooter", "Assembly-CSharp-Editor.csproj", "{C32FE626-CADF-7928-DDDA-94B4E6834F8B}"
EndProject
Global
	GlobalSection(SolutionConfigurationPlatforms) = preSolution
		Debug|Any CPU = Debug|Any CPU
		Release|Any CPU = Release|Any CPU
	EndGlobalSection
	GlobalSection(ProjectConfigurationPlatforms) = postSolution
		{B80846A3-F3B2-C8E5-4734-9A1EA9E67FE6}.Debug|Any CPU.ActiveCfg = Debug|Any CPU
		{B80846A3-F3B2-C8E5-4734-9A1EA9E67FE6}.Debug|Any CPU.Build.0 = Debug|Any CPU
		{B80846A3-F3B2-C8E5-4734-9A1EA9E67FE6}.Release|Any CPU.ActiveCfg = Release|Any CPU
		{B80846A3-F3B2-C8E5-4734-9A1EA9E67FE6}.Release|Any CPU.Build.0 = Release|Any CPU
		{C32FE626-CADF-7928-DDDA-94B4E6834F8B}.Debug|Any CPU.ActiveCfg = Debug|Any CPU
		{C32FE626-CADF-7928-DDDA-94B4E6834F8B}.Debug|Any CPU.Build.0 = Debug|Any CPU
		{C32FE626-CADF-7928-DDDA-94B4E6834F8B}.Release|Any CPU.ActiveCfg = Release|Any CPU
		{C32FE626-CADF-7928-DDDA-94B4E6834F8B}.Release|Any CPU.Build.0 = Release|Any CPU
	EndGlobalSection
	GlobalSection(SolutionProperties) = preSolution
		HideSolutionNode = FALSE
	EndGlobalSection
	GlobalSection(MonoDevelopProperties) = preSolution
		StartupItem = Assembly-CSharp.csproj
	EndGlobalSection
EndGlobal
